
Microsoft Visual Studio Solution File, Format Version 11.00
# Visual Studio 2010
Project("{FAE04EC0-301F-11D3-BF4B-00C04F79EFBC}") = "SteamVR", "SteamVR.csproj", "{B06C54AB-1D23-5628-6053-C9AE1F1D2A80}"
EndProject
Project("{FAE04EC0-301F-11D3-BF4B-00C04F79EFBC}") = "Assembly-CSharp", "Assembly-CSharp.csproj", "{FC65E5F2-B483-A4AE-BDEE-4A75BF31B5C4}"
EndProject
Project("{FAE04EC0-301F-11D3-BF4B-00C04F79EFBC}") = "SteamVR_Actions", "SteamVR_Actions.csproj", "{B2016EAB-4F59-F579-F7ED-ADFC603F3331}"
EndProject
Project("{FAE04EC0-301F-11D3-BF4B-00C04F79EFBC}") = "SteamVR_Input_Editor", "SteamVR_Input_Editor.csproj", "{BF50B5A3-AFA3-4B98-C70F-34DCA2DB2E36}"
EndProject
Project("{FAE04EC0-301F-11D3-BF4B-00C04F79EFBC}") = "SteamVR_Editor", "SteamVR_Editor.csproj", "{57B5472D-0641-2393-338D-9F01BC5C8289}"
EndProject
Project("{FAE04EC0-301F-11D3-BF4B-00C04F79EFBC}") = "Assembly-CSharp-Editor", "Assembly-CSharp-Editor.csproj", "{270B42F6-F4CE-2F92-46FD-9F6813A7C68E}"
EndProject
Project("{FAE04EC0-301F-11D3-BF4B-00C04F79EFBC}") = "SteamVR_Windows_EditorHelper", "SteamVR_Windows_EditorHelper.csproj", "{ACCD3533-2891-279F-15F7-19779A72F061}"
EndProject
Global
	GlobalSection(SolutionConfigurationPlatforms) = preSolution
		Debug|Any CPU = Debug|Any CPU
		Release|Any CPU = Release|Any CPU
	EndGlobalSection
	GlobalSection(ProjectConfigurationPlatforms) = postSolution
		{B06C54AB-1D23-5628-6053-C9AE1F1D2A80}.Debug|Any CPU.ActiveCfg = Debug|Any CPU
		{B06C54AB-1D23-5628-6053-C9AE1F1D2A80}.Debug|Any CPU.Build.0 = Debug|Any CPU
		{B06C54AB-1D23-5628-6053-C9AE1F1D2A80}.Release|Any CPU.ActiveCfg = Release|Any CPU
		{B06C54AB-1D23-5628-6053-C9AE1F1D2A80}.Release|Any CPU.Build.0 = Release|Any CPU
		{FC65E5F2-B483-A4AE-BDEE-4A75BF31B5C4}.Debug|Any CPU.ActiveCfg = Debug|Any CPU
		{FC65E5F2-B483-A4AE-BDEE-4A75BF31B5C4}.Debug|Any CPU.Build.0 = Debug|Any CPU
		{FC65E5F2-B483-A4AE-BDEE-4A75BF31B5C4}.Release|Any CPU.ActiveCfg = Release|Any CPU
		{FC65E5F2-B483-A4AE-BDEE-4A75BF31B5C4}.Release|Any CPU.Build.0 = Release|Any CPU
		{B2016EAB-4F59-F579-F7ED-ADFC603F3331}.Debug|Any CPU.ActiveCfg = Debug|Any CPU
		{B2016EAB-4F59-F579-F7ED-ADFC603F3331}.Debug|Any CPU.Build.0 = Debug|Any CPU
		{B2016EAB-4F59-F579-F7ED-ADFC603F3331}.Release|Any CPU.ActiveCfg = Release|Any CPU
		{B2016EAB-4F59-F579-F7ED-ADFC603F3331}.Release|Any CPU.Build.0 = Release|Any CPU
		{BF50B5A3-AFA3-4B98-C70F-34DCA2DB2E36}.Debug|Any CPU.ActiveCfg = Debug|Any CPU
		{BF50B5A3-AFA3-4B98-C70F-34DCA2DB2E36}.Debug|Any CPU.Build.0 = Debug|Any CPU
		{BF50B5A3-AFA3-4B98-C70F-34DCA2DB2E36}.Release|Any CPU.ActiveCfg = Release|Any CPU
		{BF50B5A3-AFA3-4B98-C70F-34DCA2DB2E36}.Release|Any CPU.Build.0 = Release|Any CPU
		{57B5472D-0641-2393-338D-9F01BC5C8289}.Debug|Any CPU.ActiveCfg = Debug|Any CPU
		{57B5472D-0641-2393-338D-9F01BC5C8289}.Debug|Any CPU.Build.0 = Debug|Any CPU
		{57B5472D-0641-2393-338D-9F01BC5C8289}.Release|Any CPU.ActiveCfg = Release|Any CPU
		{57B5472D-0641-2393-338D-9F01BC5C8289}.Release|Any CPU.Build.0 = Release|Any CPU
		{270B42F6-F4CE-2F92-46FD-9F6813A7C68E}.Debug|Any CPU.ActiveCfg = Debug|Any CPU
		{270B42F6-F4CE-2F92-46FD-9F6813A7C68E}.Debug|Any CPU.Build.0 = Debug|Any CPU
		{270B42F6-F4CE-2F92-46FD-9F6813A7C68E}.Release|Any CPU.ActiveCfg = Release|Any CPU
		{270B42F6-F4CE-2F92-46FD-9F6813A7C68E}.Release|Any CPU.Build.0 = Release|Any CPU
		{ACCD3533-2891-279F-15F7-19779A72F061}.Debug|Any CPU.ActiveCfg = Debug|Any CPU
		{ACCD3533-2891-279F-15F7-19779A72F061}.Debug|Any CPU.Build.0 = Debug|Any CPU
		{ACCD3533-2891-279F-15F7-19779A72F061}.Release|Any CPU.ActiveCfg = Release|Any CPU
		{ACCD3533-2891-279F-15F7-19779A72F061}.Release|Any CPU.Build.0 = Release|Any CPU
	EndGlobalSection
	GlobalSection(SolutionProperties) = preSolution
		HideSolutionNode = FALSE
	EndGlobalSection
EndGlobal
