
Microsoft Visual Studio Solution File, Format Version 12.00
# Visual Studio 15
Project("{FAE04EC0-301F-11D3-BF4B-00C04F79EFBC}") = "UnityEngine.UI", "UnityEngine.UI.csproj", "{CF948A90-14EF-0F96-DAAE-7877DAACD3B7}"
EndProject
Project("{FAE04EC0-301F-11D3-BF4B-00C04F79EFBC}") = "Unity.VisualEffectGraph.Runtime", "Unity.VisualEffectGraph.Runtime.csproj", "{AE8C9FB9-A665-2B2F-AEDE-1463DA6BDFFD}"
EndProject
Project("{FAE04EC0-301F-11D3-BF4B-00C04F79EFBC}") = "SteamVR", "SteamVR.csproj", "{B06C54AB-1D23-5628-6053-C9AE1F1D2A80}"
EndProject
Project("{FAE04EC0-301F-11D3-BF4B-00C04F79EFBC}") = "Unity.RenderPipelines.Core.Runtime", "Unity.RenderPipelines.Core.Runtime.csproj", "{05FB923E-EF6E-99DB-8FF7-D6B1EC4FE51A}"
EndProject
Project("{FAE04EC0-301F-11D3-BF4B-00C04F79EFBC}") = "UnityEngine.TestRunner", "UnityEngine.TestRunner.csproj", "{0E1518DA-96D0-65EE-BEEF-3F3FC0476C45}"
EndProject
Project("{FAE04EC0-301F-11D3-BF4B-00C04F79EFBC}") = "Unity.InputSystem", "Unity.InputSystem.csproj", "{33D4A2ED-BCEB-7A5C-D5A5-7853EC87F2E2}"
EndProject
Project("{FAE04EC0-301F-11D3-BF4B-00C04F79EFBC}") = "Unity.RenderPipelines.HighDefinition.Runtime", "Unity.RenderPipelines.HighDefinition.Runtime.csproj", "{3808565F-4211-2FCB-7299-C9A0FB88B3C9}"
EndProject
Project("{FAE04EC0-301F-11D3-BF4B-00C04F79EFBC}") = "UnityEngine.XR.LegacyInputHelpers", "UnityEngine.XR.LegacyInputHelpers.csproj", "{65A3545F-659F-67B9-5D5B-686E8FCB35C7}"
EndProject
Project("{FAE04EC0-301F-11D3-BF4B-00C04F79EFBC}") = "Unity.XR.OpenVR", "Unity.XR.OpenVR.csproj", "{BA5E5796-95D0-B6B5-4078-6B249250234C}"
EndProject
Project("{FAE04EC0-301F-11D3-BF4B-00C04F79EFBC}") = "Unity.TextMeshPro", "Unity.TextMeshPro.csproj", "{74218D74-F23C-806A-79AE-B0137E4EEC9F}"
EndProject
Project("{FAE04EC0-301F-11D3-BF4B-00C04F79EFBC}") = "Cinemachine", "Cinemachine.csproj", "{31908E9C-0BED-84C1-BA0C-6062CA68B378}"
EndProject
Project("{FAE04EC0-301F-11D3-BF4B-00C04F79EFBC}") = "Unity.Timeline", "Unity.Timeline.csproj", "{B9AA3CFD-6DDA-7A5F-F448-30FE6436F41C}"
EndProject
Project("{FAE04EC0-301F-11D3-BF4B-00C04F79EFBC}") = "Unity.XR.Management", "Unity.XR.Management.csproj", "{D78AC550-289F-D7E3-9053-E9B378F2EC1B}"
EndProject
Project("{FAE04EC0-301F-11D3-BF4B-00C04F79EFBC}") = "Assembly-CSharp", "Assembly-CSharp.csproj", "{FC65E5F2-B483-A4AE-BDEE-4A75BF31B5C4}"
EndProject
Project("{FAE04EC0-301F-11D3-BF4B-00C04F79EFBC}") = "SteamVR_Actions", "SteamVR_Actions.csproj", "{B2016EAB-4F59-F579-F7ED-ADFC603F3331}"
EndProject
Project("{FAE04EC0-301F-11D3-BF4B-00C04F79EFBC}") = "Unity.RenderPipelines.Core.ShaderLibrary", "Unity.RenderPipelines.Core.ShaderLibrary.csproj", "{B386B089-B560-7174-66AB-3DC72D04EA8B}"
EndProject
Project("{FAE04EC0-301F-11D3-BF4B-00C04F79EFBC}") = "UnityEngine.SpatialTracking", "UnityEngine.SpatialTracking.csproj", "{DEA26E19-A910-2BF1-B9B7-6E0A49CA568B}"
EndProject
Project("{FAE04EC0-301F-11D3-BF4B-00C04F79EFBC}") = "Unity.Subsystem.Registration", "Unity.Subsystem.Registration.csproj", "{7FBA72F3-F90D-DC7A-E5C5-5B0EAC0250FD}"
EndProject
Project("{FAE04EC0-301F-11D3-BF4B-00C04F79EFBC}") = "Unity.RenderPipelines.ShaderGraph.ShaderGraphLibrary", "Unity.RenderPipelines.ShaderGraph.ShaderGraphLibrary.csproj", "{E8E40CAF-AED0-1FCD-6355-24BD09AB578B}"
EndProject
Project("{FAE04EC0-301F-11D3-BF4B-00C04F79EFBC}") = "Unity.RenderPipelines.HighDefinition.Config.Runtime", "Unity.RenderPipelines.HighDefinition.Config.Runtime.csproj", "{788DDDBA-CFC7-D48F-BDF8-471E56C8FFE9}"
EndProject
Project("{FAE04EC0-301F-11D3-BF4B-00C04F79EFBC}") = "Unity.ProBuilder.Csg", "Unity.ProBuilder.Csg.csproj", "{3D35C480-B3A5-E36F-43FD-5E81257F7A51}"
EndProject
Project("{FAE04EC0-301F-11D3-BF4B-00C04F79EFBC}") = "Unity.ProBuilder.Poly2Tri", "Unity.ProBuilder.Poly2Tri.csproj", "{BBFC8ADE-5756-5613-90FF-B451EEB5B3C3}"
EndProject
Project("{FAE04EC0-301F-11D3-BF4B-00C04F79EFBC}") = "Unity.ProBuilder", "Unity.ProBuilder.csproj", "{67D21530-EEFD-9C71-0332-A34EC02FA160}"
EndProject
Project("{FAE04EC0-301F-11D3-BF4B-00C04F79EFBC}") = "Unity.ProBuilder.KdTree", "Unity.ProBuilder.KdTree.csproj", "{59E57E95-6846-1600-183C-06CAF45D2443}"
EndProject
Project("{FAE04EC0-301F-11D3-BF4B-00C04F79EFBC}") = "Unity.ProBuilder.Stl", "Unity.ProBuilder.Stl.csproj", "{4B06960E-4CC4-2AC0-2054-77160BA1964B}"
EndProject
Project("{FAE04EC0-301F-11D3-BF4B-00C04F79EFBC}") = "Unity.ProGrids", "Unity.ProGrids.csproj", "{C1C69E8A-1912-49D7-B930-B5447CC65BE7}"
EndProject
Project("{FAE04EC0-301F-11D3-BF4B-00C04F79EFBC}") = "Unity.PlasticSCM.Editor", "Unity.PlasticSCM.Editor.csproj", "{A73C14A5-59C9-19B2-A3E6-87487DC7B846}"
EndProject
Project("{FAE04EC0-301F-11D3-BF4B-00C04F79EFBC}") = "Unity.RenderPipelines.HighDefinition.Editor", "Unity.RenderPipelines.HighDefinition.Editor.csproj", "{EC3C4DAD-73EF-46C1-B4E4-19929AC7DEFA}"
EndProject
Project("{FAE04EC0-301F-11D3-BF4B-00C04F79EFBC}") = "Unity.ShaderGraph.Editor", "Unity.ShaderGraph.Editor.csproj", "{B1F5B91D-9F0C-67D9-F82C-44A172CABAAE}"
EndProject
Project("{FAE04EC0-301F-11D3-BF4B-00C04F79EFBC}") = "Unity.VisualEffectGraph.Editor", "Unity.VisualEffectGraph.Editor.csproj", "{04ACDBCD-FC2E-DB85-B1DC-40E66ECAE670}"
EndProject
Project("{FAE04EC0-301F-11D3-BF4B-00C04F79EFBC}") = "Unity.VisualStudio.Editor", "Unity.VisualStudio.Editor.csproj", "{506DC587-9926-EC98-9B99-963DD83C7ABC}"
EndProject
Project("{FAE04EC0-301F-11D3-BF4B-00C04F79EFBC}") = "Unity.Timeline.Editor", "Unity.Timeline.Editor.csproj", "{D030EC05-8FB9-4315-D13E-CEB2B78F7999}"
EndProject
Project("{FAE04EC0-301F-11D3-BF4B-00C04F79EFBC}") = "com.unity.cinemachine.editor", "com.unity.cinemachine.editor.csproj", "{00E5F1AD-D6F6-6ACD-7244-210346A7586E}"
EndProject
Project("{FAE04EC0-301F-11D3-BF4B-00C04F79EFBC}") = "Unity.TextMeshPro.Editor", "Unity.TextMeshPro.Editor.csproj", "{47017BFB-8F38-6785-643C-46FE397CF310}"
EndProject
Project("{FAE04EC0-301F-11D3-BF4B-00C04F79EFBC}") = "Unity.CollabProxy.Editor", "Unity.CollabProxy.Editor.csproj", "{8A5F7A86-FC59-BB8D-5D11-83E4524B4EB4}"
EndProject
Project("{FAE04EC0-301F-11D3-BF4B-00C04F79EFBC}") = "UnityEditor.TestRunner", "UnityEditor.TestRunner.csproj", "{46B9E7E1-D8BC-8A45-32C5-FB69A4C152E7}"
EndProject
Project("{FAE04EC0-301F-11D3-BF4B-00C04F79EFBC}") = "Unity.Rider.Editor", "Unity.Rider.Editor.csproj", "{6137360A-1628-C78E-6910-FBE0C52BCB05}"
EndProject
Project("{FAE04EC0-301F-11D3-BF4B-00C04F79EFBC}") = "SteamVR_Input_Editor", "SteamVR_Input_Editor.csproj", "{BF50B5A3-AFA3-4B98-C70F-34DCA2DB2E36}"
EndProject
Project("{FAE04EC0-301F-11D3-BF4B-00C04F79EFBC}") = "Unity.RenderPipelines.Core.Editor", "Unity.RenderPipelines.Core.Editor.csproj", "{0C167591-6771-1DA7-C1C4-452C4DE9CCB3}"
EndProject
Project("{FAE04EC0-301F-11D3-BF4B-00C04F79EFBC}") = "Unity.Searcher.Editor", "Unity.Searcher.Editor.csproj", "{5E18B082-56F2-C26A-2A9E-D192D575A69D}"
EndProject
Project("{FAE04EC0-301F-11D3-BF4B-00C04F79EFBC}") = "Unity.XR.Management.Editor", "Unity.XR.Management.Editor.csproj", "{FE5C7D18-0487-F24D-17AF-F6F54F19441C}"
EndProject
Project("{FAE04EC0-301F-11D3-BF4B-00C04F79EFBC}") = "Unity.VSCode.Editor", "Unity.VSCode.Editor.csproj", "{7DA3AC41-5C91-D35A-4F11-95D0993B588B}"
EndProject
Project("{FAE04EC0-301F-11D3-BF4B-00C04F79EFBC}") = "UnityEditor.UI", "UnityEditor.UI.csproj", "{1D5D79DD-8E11-38CD-954A-46E91E2F1614}"
EndProject
Project("{FAE04EC0-301F-11D3-BF4B-00C04F79EFBC}") = "UnityEditor.SpatialTracking", "UnityEditor.SpatialTracking.csproj", "{5A04DE5A-906A-E433-7100-8FFE4F28B018}"
EndProject
Project("{FAE04EC0-301F-11D3-BF4B-00C04F79EFBC}") = "UnityEditor.XR.LegacyInputHelpers", "UnityEditor.XR.LegacyInputHelpers.csproj", "{42295835-B1E0-E0AB-F61C-872517F95B7D}"
EndProject
Project("{FAE04EC0-301F-11D3-BF4B-00C04F79EFBC}") = "SteamVR_Editor", "SteamVR_Editor.csproj", "{57B5472D-0641-2393-338D-9F01BC5C8289}"
EndProject
Project("{FAE04EC0-301F-11D3-BF4B-00C04F79EFBC}") = "Assembly-CSharp-Editor", "Assembly-CSharp-Editor.csproj", "{270B42F6-F4CE-2F92-46FD-9F6813A7C68E}"
EndProject
Project("{FAE04EC0-301F-11D3-BF4B-00C04F79EFBC}") = "Unity.ShaderGraph.Utilities", "Unity.ShaderGraph.Utilities.csproj", "{DAA7B277-D144-0F72-21C6-764805F41212}"
EndProject
Project("{FAE04EC0-301F-11D3-BF4B-00C04F79EFBC}") = "Unity.XR.OpenVR.Editor", "Unity.XR.OpenVR.Editor.csproj", "{F6F9BFFB-DB6A-6624-D1BB-87AEA1164CFD}"
EndProject
Project("{FAE04EC0-301F-11D3-BF4B-00C04F79EFBC}") = "SteamVR_Windows_EditorHelper", "SteamVR_Windows_EditorHelper.csproj", "{ACCD3533-2891-279F-15F7-19779A72F061}"
EndProject
Project("{FAE04EC0-301F-11D3-BF4B-00C04F79EFBC}") = "Unity.ProBuilder.Editor", "Unity.ProBuilder.Editor.csproj", "{29ADA00A-3710-AD1D-6983-DBBF0E92F98F}"
EndProject
Project("{FAE04EC0-301F-11D3-BF4B-00C04F79EFBC}") = "Unity.Settings.Editor", "Unity.Settings.Editor.csproj", "{3B16632A-E8D7-205A-2983-D5F1011DAF6C}"
EndProject
Project("{FAE04EC0-301F-11D3-BF4B-00C04F79EFBC}") = "Unity.ProBuilder.AssetIdRemapUtility", "Unity.ProBuilder.AssetIdRemapUtility.csproj", "{6D8DBA2B-E4C5-10F6-9C50-151023BAB19B}"
EndProject
Project("{FAE04EC0-301F-11D3-BF4B-00C04F79EFBC}") = "Unity.ProBuilder.AddOns.Editor", "Unity.ProBuilder.AddOns.Editor.csproj", "{4EC840C5-C0E7-9841-6393-EA24F8602E01}"
EndProject
Project("{FAE04EC0-301F-11D3-BF4B-00C04F79EFBC}") = "Unity.ProGrids.Editor", "Unity.ProGrids.Editor.csproj", "{71040C6C-8556-1994-26F0-164137C75089}"
EndProject
Project("{FAE04EC0-301F-11D3-BF4B-00C04F79EFBC}") = "UnityEngine.UI", "UnityEngine.UI.Player.csproj", "{082D3D66-DB6A-15D1-EE6E-90EADFF82682}"
EndProject
Project("{FAE04EC0-301F-11D3-BF4B-00C04F79EFBC}") = "Unity.VisualEffectGraph.Runtime", "Unity.VisualEffectGraph.Runtime.Player.csproj", "{459B1E4C-AA30-2491-9DDC-1F234D1416DD}"
EndProject
Project("{FAE04EC0-301F-11D3-BF4B-00C04F79EFBC}") = "SteamVR", "SteamVR.Player.csproj", "{252C07C9-2FBF-1822-E268-7461D01F3EFA}"
EndProject
Project("{FAE04EC0-301F-11D3-BF4B-00C04F79EFBC}") = "Unity.RenderPipelines.Core.Runtime", "Unity.RenderPipelines.Core.Runtime.Player.csproj", "{0CF64D3A-4974-0D4B-611D-0C72B4E305BD}"
EndProject
Project("{FAE04EC0-301F-11D3-BF4B-00C04F79EFBC}") = "UnityEngine.TestRunner", "UnityEngine.TestRunner.Player.csproj", "{0950F6DB-AD53-1079-4E33-EE2C419BC8A0}"
EndProject
Project("{FAE04EC0-301F-11D3-BF4B-00C04F79EFBC}") = "Unity.InputSystem", "Unity.InputSystem.Player.csproj", "{BC9DAD1C-1C2D-B77C-FCCC-E1679D45DD4D}"
EndProject
Project("{FAE04EC0-301F-11D3-BF4B-00C04F79EFBC}") = "Unity.RenderPipelines.HighDefinition.Runtime", "Unity.RenderPipelines.HighDefinition.Runtime.Player.csproj", "{E1B6B1E7-0876-B6E0-2F04-4B108409DCAE}"
EndProject
Project("{FAE04EC0-301F-11D3-BF4B-00C04F79EFBC}") = "UnityEngine.XR.LegacyInputHelpers", "UnityEngine.XR.LegacyInputHelpers.Player.csproj", "{1CF1B313-345A-0BCF-519A-3E3E24A70FFD}"
EndProject
Project("{FAE04EC0-301F-11D3-BF4B-00C04F79EFBC}") = "Unity.XR.OpenVR", "Unity.XR.OpenVR.Player.csproj", "{B6F8D6E3-92AD-AC38-C129-0A1A129AF15C}"
EndProject
Project("{FAE04EC0-301F-11D3-BF4B-00C04F79EFBC}") = "Unity.TextMeshPro", "Unity.TextMeshPro.Player.csproj", "{5865F1DC-6F3A-C2F3-2709-CB7044A023AA}"
EndProject
Project("{FAE04EC0-301F-11D3-BF4B-00C04F79EFBC}") = "Cinemachine", "Cinemachine.Player.csproj", "{B8FBC054-BB83-7C71-B192-F213E26FD537}"
EndProject
Project("{FAE04EC0-301F-11D3-BF4B-00C04F79EFBC}") = "Unity.Timeline", "Unity.Timeline.Player.csproj", "{A460DBEE-E8AD-E8A0-A2D1-246DEAACDBD0}"
EndProject
Project("{FAE04EC0-301F-11D3-BF4B-00C04F79EFBC}") = "Unity.XR.Management", "Unity.XR.Management.Player.csproj", "{8FDBEAE3-E386-99D3-15C2-7DCAB305A1D4}"
EndProject
Project("{FAE04EC0-301F-11D3-BF4B-00C04F79EFBC}") = "Assembly-CSharp", "Assembly-CSharp.Player.csproj", "{388D3A4E-EF12-6B31-6D8F-D014CFA61F6A}"
EndProject
Project("{FAE04EC0-301F-11D3-BF4B-00C04F79EFBC}") = "SteamVR_Actions", "SteamVR_Actions.Player.csproj", "{F06CAA8D-1B37-6D98-083F-074614B819E8}"
EndProject
Project("{FAE04EC0-301F-11D3-BF4B-00C04F79EFBC}") = "Unity.RenderPipelines.Core.ShaderLibrary", "Unity.RenderPipelines.Core.ShaderLibrary.Player.csproj", "{24CDD27F-D97C-1B85-A224-3F25AC2D0FDA}"
EndProject
Project("{FAE04EC0-301F-11D3-BF4B-00C04F79EFBC}") = "UnityEngine.SpatialTracking", "UnityEngine.SpatialTracking.Player.csproj", "{16E058CC-986E-5F1C-DFD2-E9F1A4A41C4E}"
EndProject
Project("{FAE04EC0-301F-11D3-BF4B-00C04F79EFBC}") = "Unity.Subsystem.Registration", "Unity.Subsystem.Registration.Player.csproj", "{181EB4DD-1D4B-908C-2A8F-A1947531C312}"
EndProject
Project("{FAE04EC0-301F-11D3-BF4B-00C04F79EFBC}") = "Unity.RenderPipelines.ShaderGraph.ShaderGraphLibrary", "Unity.RenderPipelines.ShaderGraph.ShaderGraphLibrary.Player.csproj", "{0BE838B6-FEDB-AF1B-A732-927152E678CF}"
EndProject
Project("{FAE04EC0-301F-11D3-BF4B-00C04F79EFBC}") = "Unity.RenderPipelines.HighDefinition.Config.Runtime", "Unity.RenderPipelines.HighDefinition.Config.Runtime.Player.csproj", "{665B1B08-962B-2215-5F2A-2FFBE3DC6ACC}"
EndProject
Project("{FAE04EC0-301F-11D3-BF4B-00C04F79EFBC}") = "Unity.ProBuilder.Csg", "Unity.ProBuilder.Csg.Player.csproj", "{955D1486-AACB-35AC-B050-E01106AB3C40}"
EndProject
Project("{FAE04EC0-301F-11D3-BF4B-00C04F79EFBC}") = "Unity.ProBuilder.Poly2Tri", "Unity.ProBuilder.Poly2Tri.Player.csproj", "{725C9086-4B36-437B-DB91-7180126565E0}"
EndProject
Project("{FAE04EC0-301F-11D3-BF4B-00C04F79EFBC}") = "Unity.ProBuilder", "Unity.ProBuilder.Player.csproj", "{D83EF9F2-C526-C2E8-0673-0096535D9E82}"
EndProject
Project("{FAE04EC0-301F-11D3-BF4B-00C04F79EFBC}") = "Unity.ProBuilder.KdTree", "Unity.ProBuilder.KdTree.Player.csproj", "{D5894CDB-14BC-09D7-319A-B6C5542DFB30}"
EndProject
Project("{FAE04EC0-301F-11D3-BF4B-00C04F79EFBC}") = "Unity.ProBuilder.Stl", "Unity.ProBuilder.Stl.Player.csproj", "{50BC4E8B-3154-9C57-B25B-CA3C41ED1711}"
EndProject
Project("{FAE04EC0-301F-11D3-BF4B-00C04F79EFBC}") = "Unity.ProGrids", "Unity.ProGrids.Player.csproj", "{D917B78E-26F0-587A-5612-7A4DCBDA747D}"
EndProject
Global
	GlobalSection(SolutionConfigurationPlatforms) = preSolution
		Debug|Any CPU = Debug|Any CPU
		Release|Any CPU = Release|Any CPU
	EndGlobalSection
	GlobalSection(ProjectConfigurationPlatforms) = postSolution
		{CF948A90-14EF-0F96-DAAE-7877DAACD3B7}.Debug|Any CPU.ActiveCfg = Debug|Any CPU
		{CF948A90-14EF-0F96-DAAE-7877DAACD3B7}.Debug|Any CPU.Build.0 = Debug|Any CPU
		{CF948A90-14EF-0F96-DAAE-7877DAACD3B7}.Release|Any CPU.ActiveCfg = Release|Any CPU
		{CF948A90-14EF-0F96-DAAE-7877DAACD3B7}.Release|Any CPU.Build.0 = Release|Any CPU
		{AE8C9FB9-A665-2B2F-AEDE-1463DA6BDFFD}.Debug|Any CPU.ActiveCfg = Debug|Any CPU
		{AE8C9FB9-A665-2B2F-AEDE-1463DA6BDFFD}.Debug|Any CPU.Build.0 = Debug|Any CPU
		{AE8C9FB9-A665-2B2F-AEDE-1463DA6BDFFD}.Release|Any CPU.ActiveCfg = Release|Any CPU
		{AE8C9FB9-A665-2B2F-AEDE-1463DA6BDFFD}.Release|Any CPU.Build.0 = Release|Any CPU
		{B06C54AB-1D23-5628-6053-C9AE1F1D2A80}.Debug|Any CPU.ActiveCfg = Debug|Any CPU
		{B06C54AB-1D23-5628-6053-C9AE1F1D2A80}.Debug|Any CPU.Build.0 = Debug|Any CPU
		{B06C54AB-1D23-5628-6053-C9AE1F1D2A80}.Release|Any CPU.ActiveCfg = Release|Any CPU
		{B06C54AB-1D23-5628-6053-C9AE1F1D2A80}.Release|Any CPU.Build.0 = Release|Any CPU
		{05FB923E-EF6E-99DB-8FF7-D6B1EC4FE51A}.Debug|Any CPU.ActiveCfg = Debug|Any CPU
		{05FB923E-EF6E-99DB-8FF7-D6B1EC4FE51A}.Debug|Any CPU.Build.0 = Debug|Any CPU
		{05FB923E-EF6E-99DB-8FF7-D6B1EC4FE51A}.Release|Any CPU.ActiveCfg = Release|Any CPU
		{05FB923E-EF6E-99DB-8FF7-D6B1EC4FE51A}.Release|Any CPU.Build.0 = Release|Any CPU
		{0E1518DA-96D0-65EE-BEEF-3F3FC0476C45}.Debug|Any CPU.ActiveCfg = Debug|Any CPU
		{0E1518DA-96D0-65EE-BEEF-3F3FC0476C45}.Debug|Any CPU.Build.0 = Debug|Any CPU
		{0E1518DA-96D0-65EE-BEEF-3F3FC0476C45}.Release|Any CPU.ActiveCfg = Release|Any CPU
		{0E1518DA-96D0-65EE-BEEF-3F3FC0476C45}.Release|Any CPU.Build.0 = Release|Any CPU
		{33D4A2ED-BCEB-7A5C-D5A5-7853EC87F2E2}.Debug|Any CPU.ActiveCfg = Debug|Any CPU
		{33D4A2ED-BCEB-7A5C-D5A5-7853EC87F2E2}.Debug|Any CPU.Build.0 = Debug|Any CPU
		{33D4A2ED-BCEB-7A5C-D5A5-7853EC87F2E2}.Release|Any CPU.ActiveCfg = Release|Any CPU
		{33D4A2ED-BCEB-7A5C-D5A5-7853EC87F2E2}.Release|Any CPU.Build.0 = Release|Any CPU
		{3808565F-4211-2FCB-7299-C9A0FB88B3C9}.Debug|Any CPU.ActiveCfg = Debug|Any CPU
		{3808565F-4211-2FCB-7299-C9A0FB88B3C9}.Debug|Any CPU.Build.0 = Debug|Any CPU
		{3808565F-4211-2FCB-7299-C9A0FB88B3C9}.Release|Any CPU.ActiveCfg = Release|Any CPU
		{3808565F-4211-2FCB-7299-C9A0FB88B3C9}.Release|Any CPU.Build.0 = Release|Any CPU
		{65A3545F-659F-67B9-5D5B-686E8FCB35C7}.Debug|Any CPU.ActiveCfg = Debug|Any CPU
		{65A3545F-659F-67B9-5D5B-686E8FCB35C7}.Debug|Any CPU.Build.0 = Debug|Any CPU
		{65A3545F-659F-67B9-5D5B-686E8FCB35C7}.Release|Any CPU.ActiveCfg = Release|Any CPU
		{65A3545F-659F-67B9-5D5B-686E8FCB35C7}.Release|Any CPU.Build.0 = Release|Any CPU
		{BA5E5796-95D0-B6B5-4078-6B249250234C}.Debug|Any CPU.ActiveCfg = Debug|Any CPU
		{BA5E5796-95D0-B6B5-4078-6B249250234C}.Debug|Any CPU.Build.0 = Debug|Any CPU
		{BA5E5796-95D0-B6B5-4078-6B249250234C}.Release|Any CPU.ActiveCfg = Release|Any CPU
		{BA5E5796-95D0-B6B5-4078-6B249250234C}.Release|Any CPU.Build.0 = Release|Any CPU
		{74218D74-F23C-806A-79AE-B0137E4EEC9F}.Debug|Any CPU.ActiveCfg = Debug|Any CPU
		{74218D74-F23C-806A-79AE-B0137E4EEC9F}.Debug|Any CPU.Build.0 = Debug|Any CPU
		{74218D74-F23C-806A-79AE-B0137E4EEC9F}.Release|Any CPU.ActiveCfg = Release|Any CPU
		{74218D74-F23C-806A-79AE-B0137E4EEC9F}.Release|Any CPU.Build.0 = Release|Any CPU
		{31908E9C-0BED-84C1-BA0C-6062CA68B378}.Debug|Any CPU.ActiveCfg = Debug|Any CPU
		{31908E9C-0BED-84C1-BA0C-6062CA68B378}.Debug|Any CPU.Build.0 = Debug|Any CPU
		{31908E9C-0BED-84C1-BA0C-6062CA68B378}.Release|Any CPU.ActiveCfg = Release|Any CPU
		{31908E9C-0BED-84C1-BA0C-6062CA68B378}.Release|Any CPU.Build.0 = Release|Any CPU
		{B9AA3CFD-6DDA-7A5F-F448-30FE6436F41C}.Debug|Any CPU.ActiveCfg = Debug|Any CPU
		{B9AA3CFD-6DDA-7A5F-F448-30FE6436F41C}.Debug|Any CPU.Build.0 = Debug|Any CPU
		{B9AA3CFD-6DDA-7A5F-F448-30FE6436F41C}.Release|Any CPU.ActiveCfg = Release|Any CPU
		{B9AA3CFD-6DDA-7A5F-F448-30FE6436F41C}.Release|Any CPU.Build.0 = Release|Any CPU
		{D78AC550-289F-D7E3-9053-E9B378F2EC1B}.Debug|Any CPU.ActiveCfg = Debug|Any CPU
		{D78AC550-289F-D7E3-9053-E9B378F2EC1B}.Debug|Any CPU.Build.0 = Debug|Any CPU
		{D78AC550-289F-D7E3-9053-E9B378F2EC1B}.Release|Any CPU.ActiveCfg = Release|Any CPU
		{D78AC550-289F-D7E3-9053-E9B378F2EC1B}.Release|Any CPU.Build.0 = Release|Any CPU
		{FC65E5F2-B483-A4AE-BDEE-4A75BF31B5C4}.Debug|Any CPU.ActiveCfg = Debug|Any CPU
		{FC65E5F2-B483-A4AE-BDEE-4A75BF31B5C4}.Debug|Any CPU.Build.0 = Debug|Any CPU
		{FC65E5F2-B483-A4AE-BDEE-4A75BF31B5C4}.Release|Any CPU.ActiveCfg = Release|Any CPU
		{FC65E5F2-B483-A4AE-BDEE-4A75BF31B5C4}.Release|Any CPU.Build.0 = Release|Any CPU
		{B2016EAB-4F59-F579-F7ED-ADFC603F3331}.Debug|Any CPU.ActiveCfg = Debug|Any CPU
		{B2016EAB-4F59-F579-F7ED-ADFC603F3331}.Debug|Any CPU.Build.0 = Debug|Any CPU
		{B2016EAB-4F59-F579-F7ED-ADFC603F3331}.Release|Any CPU.ActiveCfg = Release|Any CPU
		{B2016EAB-4F59-F579-F7ED-ADFC603F3331}.Release|Any CPU.Build.0 = Release|Any CPU
		{B386B089-B560-7174-66AB-3DC72D04EA8B}.Debug|Any CPU.ActiveCfg = Debug|Any CPU
		{B386B089-B560-7174-66AB-3DC72D04EA8B}.Debug|Any CPU.Build.0 = Debug|Any CPU
		{B386B089-B560-7174-66AB-3DC72D04EA8B}.Release|Any CPU.ActiveCfg = Release|Any CPU
		{B386B089-B560-7174-66AB-3DC72D04EA8B}.Release|Any CPU.Build.0 = Release|Any CPU
		{DEA26E19-A910-2BF1-B9B7-6E0A49CA568B}.Debug|Any CPU.ActiveCfg = Debug|Any CPU
		{DEA26E19-A910-2BF1-B9B7-6E0A49CA568B}.Debug|Any CPU.Build.0 = Debug|Any CPU
		{DEA26E19-A910-2BF1-B9B7-6E0A49CA568B}.Release|Any CPU.ActiveCfg = Release|Any CPU
		{DEA26E19-A910-2BF1-B9B7-6E0A49CA568B}.Release|Any CPU.Build.0 = Release|Any CPU
		{7FBA72F3-F90D-DC7A-E5C5-5B0EAC0250FD}.Debug|Any CPU.ActiveCfg = Debug|Any CPU
		{7FBA72F3-F90D-DC7A-E5C5-5B0EAC0250FD}.Debug|Any CPU.Build.0 = Debug|Any CPU
		{7FBA72F3-F90D-DC7A-E5C5-5B0EAC0250FD}.Release|Any CPU.ActiveCfg = Release|Any CPU
		{7FBA72F3-F90D-DC7A-E5C5-5B0EAC0250FD}.Release|Any CPU.Build.0 = Release|Any CPU
		{E8E40CAF-AED0-1FCD-6355-24BD09AB578B}.Debug|Any CPU.ActiveCfg = Debug|Any CPU
		{E8E40CAF-AED0-1FCD-6355-24BD09AB578B}.Debug|Any CPU.Build.0 = Debug|Any CPU
		{E8E40CAF-AED0-1FCD-6355-24BD09AB578B}.Release|Any CPU.ActiveCfg = Release|Any CPU
		{E8E40CAF-AED0-1FCD-6355-24BD09AB578B}.Release|Any CPU.Build.0 = Release|Any CPU
		{788DDDBA-CFC7-D48F-BDF8-471E56C8FFE9}.Debug|Any CPU.ActiveCfg = Debug|Any CPU
		{788DDDBA-CFC7-D48F-BDF8-471E56C8FFE9}.Debug|Any CPU.Build.0 = Debug|Any CPU
		{788DDDBA-CFC7-D48F-BDF8-471E56C8FFE9}.Release|Any CPU.ActiveCfg = Release|Any CPU
		{788DDDBA-CFC7-D48F-BDF8-471E56C8FFE9}.Release|Any CPU.Build.0 = Release|Any CPU
		{3D35C480-B3A5-E36F-43FD-5E81257F7A51}.Debug|Any CPU.ActiveCfg = Debug|Any CPU
		{3D35C480-B3A5-E36F-43FD-5E81257F7A51}.Debug|Any CPU.Build.0 = Debug|Any CPU
		{3D35C480-B3A5-E36F-43FD-5E81257F7A51}.Release|Any CPU.ActiveCfg = Release|Any CPU
		{3D35C480-B3A5-E36F-43FD-5E81257F7A51}.Release|Any CPU.Build.0 = Release|Any CPU
		{BBFC8ADE-5756-5613-90FF-B451EEB5B3C3}.Debug|Any CPU.ActiveCfg = Debug|Any CPU
		{BBFC8ADE-5756-5613-90FF-B451EEB5B3C3}.Debug|Any CPU.Build.0 = Debug|Any CPU
		{BBFC8ADE-5756-5613-90FF-B451EEB5B3C3}.Release|Any CPU.ActiveCfg = Release|Any CPU
		{BBFC8ADE-5756-5613-90FF-B451EEB5B3C3}.Release|Any CPU.Build.0 = Release|Any CPU
		{67D21530-EEFD-9C71-0332-A34EC02FA160}.Debug|Any CPU.ActiveCfg = Debug|Any CPU
		{67D21530-EEFD-9C71-0332-A34EC02FA160}.Debug|Any CPU.Build.0 = Debug|Any CPU
		{67D21530-EEFD-9C71-0332-A34EC02FA160}.Release|Any CPU.ActiveCfg = Release|Any CPU
		{67D21530-EEFD-9C71-0332-A34EC02FA160}.Release|Any CPU.Build.0 = Release|Any CPU
		{59E57E95-6846-1600-183C-06CAF45D2443}.Debug|Any CPU.ActiveCfg = Debug|Any CPU
		{59E57E95-6846-1600-183C-06CAF45D2443}.Debug|Any CPU.Build.0 = Debug|Any CPU
		{59E57E95-6846-1600-183C-06CAF45D2443}.Release|Any CPU.ActiveCfg = Release|Any CPU
		{59E57E95-6846-1600-183C-06CAF45D2443}.Release|Any CPU.Build.0 = Release|Any CPU
		{4B06960E-4CC4-2AC0-2054-77160BA1964B}.Debug|Any CPU.ActiveCfg = Debug|Any CPU
		{4B06960E-4CC4-2AC0-2054-77160BA1964B}.Debug|Any CPU.Build.0 = Debug|Any CPU
		{4B06960E-4CC4-2AC0-2054-77160BA1964B}.Release|Any CPU.ActiveCfg = Release|Any CPU
		{4B06960E-4CC4-2AC0-2054-77160BA1964B}.Release|Any CPU.Build.0 = Release|Any CPU
		{C1C69E8A-1912-49D7-B930-B5447CC65BE7}.Debug|Any CPU.ActiveCfg = Debug|Any CPU
		{C1C69E8A-1912-49D7-B930-B5447CC65BE7}.Debug|Any CPU.Build.0 = Debug|Any CPU
		{C1C69E8A-1912-49D7-B930-B5447CC65BE7}.Release|Any CPU.ActiveCfg = Release|Any CPU
		{C1C69E8A-1912-49D7-B930-B5447CC65BE7}.Release|Any CPU.Build.0 = Release|Any CPU
		{A73C14A5-59C9-19B2-A3E6-87487DC7B846}.Debug|Any CPU.ActiveCfg = Debug|Any CPU
		{A73C14A5-59C9-19B2-A3E6-87487DC7B846}.Debug|Any CPU.Build.0 = Debug|Any CPU
		{A73C14A5-59C9-19B2-A3E6-87487DC7B846}.Release|Any CPU.ActiveCfg = Release|Any CPU
		{A73C14A5-59C9-19B2-A3E6-87487DC7B846}.Release|Any CPU.Build.0 = Release|Any CPU
		{EC3C4DAD-73EF-46C1-B4E4-19929AC7DEFA}.Debug|Any CPU.ActiveCfg = Debug|Any CPU
		{EC3C4DAD-73EF-46C1-B4E4-19929AC7DEFA}.Debug|Any CPU.Build.0 = Debug|Any CPU
		{EC3C4DAD-73EF-46C1-B4E4-19929AC7DEFA}.Release|Any CPU.ActiveCfg = Release|Any CPU
		{EC3C4DAD-73EF-46C1-B4E4-19929AC7DEFA}.Release|Any CPU.Build.0 = Release|Any CPU
		{B1F5B91D-9F0C-67D9-F82C-44A172CABAAE}.Debug|Any CPU.ActiveCfg = Debug|Any CPU
		{B1F5B91D-9F0C-67D9-F82C-44A172CABAAE}.Debug|Any CPU.Build.0 = Debug|Any CPU
		{B1F5B91D-9F0C-67D9-F82C-44A172CABAAE}.Release|Any CPU.ActiveCfg = Release|Any CPU
		{B1F5B91D-9F0C-67D9-F82C-44A172CABAAE}.Release|Any CPU.Build.0 = Release|Any CPU
		{04ACDBCD-FC2E-DB85-B1DC-40E66ECAE670}.Debug|Any CPU.ActiveCfg = Debug|Any CPU
		{04ACDBCD-FC2E-DB85-B1DC-40E66ECAE670}.Debug|Any CPU.Build.0 = Debug|Any CPU
		{04ACDBCD-FC2E-DB85-B1DC-40E66ECAE670}.Release|Any CPU.ActiveCfg = Release|Any CPU
		{04ACDBCD-FC2E-DB85-B1DC-40E66ECAE670}.Release|Any CPU.Build.0 = Release|Any CPU
		{506DC587-9926-EC98-9B99-963DD83C7ABC}.Debug|Any CPU.ActiveCfg = Debug|Any CPU
		{506DC587-9926-EC98-9B99-963DD83C7ABC}.Debug|Any CPU.Build.0 = Debug|Any CPU
		{506DC587-9926-EC98-9B99-963DD83C7ABC}.Release|Any CPU.ActiveCfg = Release|Any CPU
		{506DC587-9926-EC98-9B99-963DD83C7ABC}.Release|Any CPU.Build.0 = Release|Any CPU
		{D030EC05-8FB9-4315-D13E-CEB2B78F7999}.Debug|Any CPU.ActiveCfg = Debug|Any CPU
		{D030EC05-8FB9-4315-D13E-CEB2B78F7999}.Debug|Any CPU.Build.0 = Debug|Any CPU
		{D030EC05-8FB9-4315-D13E-CEB2B78F7999}.Release|Any CPU.ActiveCfg = Release|Any CPU
		{D030EC05-8FB9-4315-D13E-CEB2B78F7999}.Release|Any CPU.Build.0 = Release|Any CPU
		{00E5F1AD-D6F6-6ACD-7244-210346A7586E}.Debug|Any CPU.ActiveCfg = Debug|Any CPU
		{00E5F1AD-D6F6-6ACD-7244-210346A7586E}.Debug|Any CPU.Build.0 = Debug|Any CPU
		{00E5F1AD-D6F6-6ACD-7244-210346A7586E}.Release|Any CPU.ActiveCfg = Release|Any CPU
		{00E5F1AD-D6F6-6ACD-7244-210346A7586E}.Release|Any CPU.Build.0 = Release|Any CPU
		{47017BFB-8F38-6785-643C-46FE397CF310}.Debug|Any CPU.ActiveCfg = Debug|Any CPU
		{47017BFB-8F38-6785-643C-46FE397CF310}.Debug|Any CPU.Build.0 = Debug|Any CPU
		{47017BFB-8F38-6785-643C-46FE397CF310}.Release|Any CPU.ActiveCfg = Release|Any CPU
		{47017BFB-8F38-6785-643C-46FE397CF310}.Release|Any CPU.Build.0 = Release|Any CPU
		{8A5F7A86-FC59-BB8D-5D11-83E4524B4EB4}.Debug|Any CPU.ActiveCfg = Debug|Any CPU
		{8A5F7A86-FC59-BB8D-5D11-83E4524B4EB4}.Debug|Any CPU.Build.0 = Debug|Any CPU
		{8A5F7A86-FC59-BB8D-5D11-83E4524B4EB4}.Release|Any CPU.ActiveCfg = Release|Any CPU
		{8A5F7A86-FC59-BB8D-5D11-83E4524B4EB4}.Release|Any CPU.Build.0 = Release|Any CPU
		{46B9E7E1-D8BC-8A45-32C5-FB69A4C152E7}.Debug|Any CPU.ActiveCfg = Debug|Any CPU
		{46B9E7E1-D8BC-8A45-32C5-FB69A4C152E7}.Debug|Any CPU.Build.0 = Debug|Any CPU
		{46B9E7E1-D8BC-8A45-32C5-FB69A4C152E7}.Release|Any CPU.ActiveCfg = Release|Any CPU
		{46B9E7E1-D8BC-8A45-32C5-FB69A4C152E7}.Release|Any CPU.Build.0 = Release|Any CPU
		{6137360A-1628-C78E-6910-FBE0C52BCB05}.Debug|Any CPU.ActiveCfg = Debug|Any CPU
		{6137360A-1628-C78E-6910-FBE0C52BCB05}.Debug|Any CPU.Build.0 = Debug|Any CPU
		{6137360A-1628-C78E-6910-FBE0C52BCB05}.Release|Any CPU.ActiveCfg = Release|Any CPU
		{6137360A-1628-C78E-6910-FBE0C52BCB05}.Release|Any CPU.Build.0 = Release|Any CPU
		{BF50B5A3-AFA3-4B98-C70F-34DCA2DB2E36}.Debug|Any CPU.ActiveCfg = Debug|Any CPU
		{BF50B5A3-AFA3-4B98-C70F-34DCA2DB2E36}.Debug|Any CPU.Build.0 = Debug|Any CPU
		{BF50B5A3-AFA3-4B98-C70F-34DCA2DB2E36}.Release|Any CPU.ActiveCfg = Release|Any CPU
		{BF50B5A3-AFA3-4B98-C70F-34DCA2DB2E36}.Release|Any CPU.Build.0 = Release|Any CPU
		{0C167591-6771-1DA7-C1C4-452C4DE9CCB3}.Debug|Any CPU.ActiveCfg = Debug|Any CPU
		{0C167591-6771-1DA7-C1C4-452C4DE9CCB3}.Debug|Any CPU.Build.0 = Debug|Any CPU
		{0C167591-6771-1DA7-C1C4-452C4DE9CCB3}.Release|Any CPU.ActiveCfg = Release|Any CPU
		{0C167591-6771-1DA7-C1C4-452C4DE9CCB3}.Release|Any CPU.Build.0 = Release|Any CPU
		{5E18B082-56F2-C26A-2A9E-D192D575A69D}.Debug|Any CPU.ActiveCfg = Debug|Any CPU
		{5E18B082-56F2-C26A-2A9E-D192D575A69D}.Debug|Any CPU.Build.0 = Debug|Any CPU
		{5E18B082-56F2-C26A-2A9E-D192D575A69D}.Release|Any CPU.ActiveCfg = Release|Any CPU
		{5E18B082-56F2-C26A-2A9E-D192D575A69D}.Release|Any CPU.Build.0 = Release|Any CPU
		{FE5C7D18-0487-F24D-17AF-F6F54F19441C}.Debug|Any CPU.ActiveCfg = Debug|Any CPU
		{FE5C7D18-0487-F24D-17AF-F6F54F19441C}.Debug|Any CPU.Build.0 = Debug|Any CPU
		{FE5C7D18-0487-F24D-17AF-F6F54F19441C}.Release|Any CPU.ActiveCfg = Release|Any CPU
		{FE5C7D18-0487-F24D-17AF-F6F54F19441C}.Release|Any CPU.Build.0 = Release|Any CPU
		{7DA3AC41-5C91-D35A-4F11-95D0993B588B}.Debug|Any CPU.ActiveCfg = Debug|Any CPU
		{7DA3AC41-5C91-D35A-4F11-95D0993B588B}.Debug|Any CPU.Build.0 = Debug|Any CPU
		{7DA3AC41-5C91-D35A-4F11-95D0993B588B}.Release|Any CPU.ActiveCfg = Release|Any CPU
		{7DA3AC41-5C91-D35A-4F11-95D0993B588B}.Release|Any CPU.Build.0 = Release|Any CPU
		{1D5D79DD-8E11-38CD-954A-46E91E2F1614}.Debug|Any CPU.ActiveCfg = Debug|Any CPU
		{1D5D79DD-8E11-38CD-954A-46E91E2F1614}.Debug|Any CPU.Build.0 = Debug|Any CPU
		{1D5D79DD-8E11-38CD-954A-46E91E2F1614}.Release|Any CPU.ActiveCfg = Release|Any CPU
		{1D5D79DD-8E11-38CD-954A-46E91E2F1614}.Release|Any CPU.Build.0 = Release|Any CPU
		{5A04DE5A-906A-E433-7100-8FFE4F28B018}.Debug|Any CPU.ActiveCfg = Debug|Any CPU
		{5A04DE5A-906A-E433-7100-8FFE4F28B018}.Debug|Any CPU.Build.0 = Debug|Any CPU
		{5A04DE5A-906A-E433-7100-8FFE4F28B018}.Release|Any CPU.ActiveCfg = Release|Any CPU
		{5A04DE5A-906A-E433-7100-8FFE4F28B018}.Release|Any CPU.Build.0 = Release|Any CPU
		{42295835-B1E0-E0AB-F61C-872517F95B7D}.Debug|Any CPU.ActiveCfg = Debug|Any CPU
		{42295835-B1E0-E0AB-F61C-872517F95B7D}.Debug|Any CPU.Build.0 = Debug|Any CPU
		{42295835-B1E0-E0AB-F61C-872517F95B7D}.Release|Any CPU.ActiveCfg = Release|Any CPU
		{42295835-B1E0-E0AB-F61C-872517F95B7D}.Release|Any CPU.Build.0 = Release|Any CPU
		{57B5472D-0641-2393-338D-9F01BC5C8289}.Debug|Any CPU.ActiveCfg = Debug|Any CPU
		{57B5472D-0641-2393-338D-9F01BC5C8289}.Debug|Any CPU.Build.0 = Debug|Any CPU
		{57B5472D-0641-2393-338D-9F01BC5C8289}.Release|Any CPU.ActiveCfg = Release|Any CPU
		{57B5472D-0641-2393-338D-9F01BC5C8289}.Release|Any CPU.Build.0 = Release|Any CPU
		{270B42F6-F4CE-2F92-46FD-9F6813A7C68E}.Debug|Any CPU.ActiveCfg = Debug|Any CPU
		{270B42F6-F4CE-2F92-46FD-9F6813A7C68E}.Debug|Any CPU.Build.0 = Debug|Any CPU
		{270B42F6-F4CE-2F92-46FD-9F6813A7C68E}.Release|Any CPU.ActiveCfg = Release|Any CPU
		{270B42F6-F4CE-2F92-46FD-9F6813A7C68E}.Release|Any CPU.Build.0 = Release|Any CPU
		{DAA7B277-D144-0F72-21C6-764805F41212}.Debug|Any CPU.ActiveCfg = Debug|Any CPU
		{DAA7B277-D144-0F72-21C6-764805F41212}.Debug|Any CPU.Build.0 = Debug|Any CPU
		{DAA7B277-D144-0F72-21C6-764805F41212}.Release|Any CPU.ActiveCfg = Release|Any CPU
		{DAA7B277-D144-0F72-21C6-764805F41212}.Release|Any CPU.Build.0 = Release|Any CPU
		{F6F9BFFB-DB6A-6624-D1BB-87AEA1164CFD}.Debug|Any CPU.ActiveCfg = Debug|Any CPU
		{F6F9BFFB-DB6A-6624-D1BB-87AEA1164CFD}.Debug|Any CPU.Build.0 = Debug|Any CPU
		{F6F9BFFB-DB6A-6624-D1BB-87AEA1164CFD}.Release|Any CPU.ActiveCfg = Release|Any CPU
		{F6F9BFFB-DB6A-6624-D1BB-87AEA1164CFD}.Release|Any CPU.Build.0 = Release|Any CPU
		{ACCD3533-2891-279F-15F7-19779A72F061}.Debug|Any CPU.ActiveCfg = Debug|Any CPU
		{ACCD3533-2891-279F-15F7-19779A72F061}.Debug|Any CPU.Build.0 = Debug|Any CPU
		{ACCD3533-2891-279F-15F7-19779A72F061}.Release|Any CPU.ActiveCfg = Release|Any CPU
		{ACCD3533-2891-279F-15F7-19779A72F061}.Release|Any CPU.Build.0 = Release|Any CPU
		{29ADA00A-3710-AD1D-6983-DBBF0E92F98F}.Debug|Any CPU.ActiveCfg = Debug|Any CPU
		{29ADA00A-3710-AD1D-6983-DBBF0E92F98F}.Debug|Any CPU.Build.0 = Debug|Any CPU
		{29ADA00A-3710-AD1D-6983-DBBF0E92F98F}.Release|Any CPU.ActiveCfg = Release|Any CPU
		{29ADA00A-3710-AD1D-6983-DBBF0E92F98F}.Release|Any CPU.Build.0 = Release|Any CPU
		{3B16632A-E8D7-205A-2983-D5F1011DAF6C}.Debug|Any CPU.ActiveCfg = Debug|Any CPU
		{3B16632A-E8D7-205A-2983-D5F1011DAF6C}.Debug|Any CPU.Build.0 = Debug|Any CPU
		{3B16632A-E8D7-205A-2983-D5F1011DAF6C}.Release|Any CPU.ActiveCfg = Release|Any CPU
		{3B16632A-E8D7-205A-2983-D5F1011DAF6C}.Release|Any CPU.Build.0 = Release|Any CPU
		{6D8DBA2B-E4C5-10F6-9C50-151023BAB19B}.Debug|Any CPU.ActiveCfg = Debug|Any CPU
		{6D8DBA2B-E4C5-10F6-9C50-151023BAB19B}.Debug|Any CPU.Build.0 = Debug|Any CPU
		{6D8DBA2B-E4C5-10F6-9C50-151023BAB19B}.Release|Any CPU.ActiveCfg = Release|Any CPU
		{6D8DBA2B-E4C5-10F6-9C50-151023BAB19B}.Release|Any CPU.Build.0 = Release|Any CPU
		{4EC840C5-C0E7-9841-6393-EA24F8602E01}.Debug|Any CPU.ActiveCfg = Debug|Any CPU
		{4EC840C5-C0E7-9841-6393-EA24F8602E01}.Debug|Any CPU.Build.0 = Debug|Any CPU
		{4EC840C5-C0E7-9841-6393-EA24F8602E01}.Release|Any CPU.ActiveCfg = Release|Any CPU
		{4EC840C5-C0E7-9841-6393-EA24F8602E01}.Release|Any CPU.Build.0 = Release|Any CPU
		{71040C6C-8556-1994-26F0-164137C75089}.Debug|Any CPU.ActiveCfg = Debug|Any CPU
		{71040C6C-8556-1994-26F0-164137C75089}.Debug|Any CPU.Build.0 = Debug|Any CPU
		{71040C6C-8556-1994-26F0-164137C75089}.Release|Any CPU.ActiveCfg = Release|Any CPU
		{71040C6C-8556-1994-26F0-164137C75089}.Release|Any CPU.Build.0 = Release|Any CPU
		{082D3D66-DB6A-15D1-EE6E-90EADFF82682}.Debug|Any CPU.ActiveCfg = Debug|Any CPU
		{082D3D66-DB6A-15D1-EE6E-90EADFF82682}.Debug|Any CPU.Build.0 = Debug|Any CPU
		{082D3D66-DB6A-15D1-EE6E-90EADFF82682}.Release|Any CPU.ActiveCfg = Release|Any CPU
		{082D3D66-DB6A-15D1-EE6E-90EADFF82682}.Release|Any CPU.Build.0 = Release|Any CPU
		{459B1E4C-AA30-2491-9DDC-1F234D1416DD}.Debug|Any CPU.ActiveCfg = Debug|Any CPU
		{459B1E4C-AA30-2491-9DDC-1F234D1416DD}.Debug|Any CPU.Build.0 = Debug|Any CPU
		{459B1E4C-AA30-2491-9DDC-1F234D1416DD}.Release|Any CPU.ActiveCfg = Release|Any CPU
		{459B1E4C-AA30-2491-9DDC-1F234D1416DD}.Release|Any CPU.Build.0 = Release|Any CPU
		{252C07C9-2FBF-1822-E268-7461D01F3EFA}.Debug|Any CPU.ActiveCfg = Debug|Any CPU
		{252C07C9-2FBF-1822-E268-7461D01F3EFA}.Debug|Any CPU.Build.0 = Debug|Any CPU
		{252C07C9-2FBF-1822-E268-7461D01F3EFA}.Release|Any CPU.ActiveCfg = Release|Any CPU
		{252C07C9-2FBF-1822-E268-7461D01F3EFA}.Release|Any CPU.Build.0 = Release|Any CPU
		{0CF64D3A-4974-0D4B-611D-0C72B4E305BD}.Debug|Any CPU.ActiveCfg = Debug|Any CPU
		{0CF64D3A-4974-0D4B-611D-0C72B4E305BD}.Debug|Any CPU.Build.0 = Debug|Any CPU
		{0CF64D3A-4974-0D4B-611D-0C72B4E305BD}.Release|Any CPU.ActiveCfg = Release|Any CPU
		{0CF64D3A-4974-0D4B-611D-0C72B4E305BD}.Release|Any CPU.Build.0 = Release|Any CPU
		{0950F6DB-AD53-1079-4E33-EE2C419BC8A0}.Debug|Any CPU.ActiveCfg = Debug|Any CPU
		{0950F6DB-AD53-1079-4E33-EE2C419BC8A0}.Debug|Any CPU.Build.0 = Debug|Any CPU
		{0950F6DB-AD53-1079-4E33-EE2C419BC8A0}.Release|Any CPU.ActiveCfg = Release|Any CPU
		{0950F6DB-AD53-1079-4E33-EE2C419BC8A0}.Release|Any CPU.Build.0 = Release|Any CPU
		{BC9DAD1C-1C2D-B77C-FCCC-E1679D45DD4D}.Debug|Any CPU.ActiveCfg = Debug|Any CPU
		{BC9DAD1C-1C2D-B77C-FCCC-E1679D45DD4D}.Debug|Any CPU.Build.0 = Debug|Any CPU
		{BC9DAD1C-1C2D-B77C-FCCC-E1679D45DD4D}.Release|Any CPU.ActiveCfg = Release|Any CPU
		{BC9DAD1C-1C2D-B77C-FCCC-E1679D45DD4D}.Release|Any CPU.Build.0 = Release|Any CPU
		{E1B6B1E7-0876-B6E0-2F04-4B108409DCAE}.Debug|Any CPU.ActiveCfg = Debug|Any CPU
		{E1B6B1E7-0876-B6E0-2F04-4B108409DCAE}.Debug|Any CPU.Build.0 = Debug|Any CPU
		{E1B6B1E7-0876-B6E0-2F04-4B108409DCAE}.Release|Any CPU.ActiveCfg = Release|Any CPU
		{E1B6B1E7-0876-B6E0-2F04-4B108409DCAE}.Release|Any CPU.Build.0 = Release|Any CPU
		{1CF1B313-345A-0BCF-519A-3E3E24A70FFD}.Debug|Any CPU.ActiveCfg = Debug|Any CPU
		{1CF1B313-345A-0BCF-519A-3E3E24A70FFD}.Debug|Any CPU.Build.0 = Debug|Any CPU
		{1CF1B313-345A-0BCF-519A-3E3E24A70FFD}.Release|Any CPU.ActiveCfg = Release|Any CPU
		{1CF1B313-345A-0BCF-519A-3E3E24A70FFD}.Release|Any CPU.Build.0 = Release|Any CPU
		{B6F8D6E3-92AD-AC38-C129-0A1A129AF15C}.Debug|Any CPU.ActiveCfg = Debug|Any CPU
		{B6F8D6E3-92AD-AC38-C129-0A1A129AF15C}.Debug|Any CPU.Build.0 = Debug|Any CPU
		{B6F8D6E3-92AD-AC38-C129-0A1A129AF15C}.Release|Any CPU.ActiveCfg = Release|Any CPU
		{B6F8D6E3-92AD-AC38-C129-0A1A129AF15C}.Release|Any CPU.Build.0 = Release|Any CPU
		{5865F1DC-6F3A-C2F3-2709-CB7044A023AA}.Debug|Any CPU.ActiveCfg = Debug|Any CPU
		{5865F1DC-6F3A-C2F3-2709-CB7044A023AA}.Debug|Any CPU.Build.0 = Debug|Any CPU
		{5865F1DC-6F3A-C2F3-2709-CB7044A023AA}.Release|Any CPU.ActiveCfg = Release|Any CPU
		{5865F1DC-6F3A-C2F3-2709-CB7044A023AA}.Release|Any CPU.Build.0 = Release|Any CPU
		{B8FBC054-BB83-7C71-B192-F213E26FD537}.Debug|Any CPU.ActiveCfg = Debug|Any CPU
		{B8FBC054-BB83-7C71-B192-F213E26FD537}.Debug|Any CPU.Build.0 = Debug|Any CPU
		{B8FBC054-BB83-7C71-B192-F213E26FD537}.Release|Any CPU.ActiveCfg = Release|Any CPU
		{B8FBC054-BB83-7C71-B192-F213E26FD537}.Release|Any CPU.Build.0 = Release|Any CPU
		{A460DBEE-E8AD-E8A0-A2D1-246DEAACDBD0}.Debug|Any CPU.ActiveCfg = Debug|Any CPU
		{A460DBEE-E8AD-E8A0-A2D1-246DEAACDBD0}.Debug|Any CPU.Build.0 = Debug|Any CPU
		{A460DBEE-E8AD-E8A0-A2D1-246DEAACDBD0}.Release|Any CPU.ActiveCfg = Release|Any CPU
		{A460DBEE-E8AD-E8A0-A2D1-246DEAACDBD0}.Release|Any CPU.Build.0 = Release|Any CPU
		{8FDBEAE3-E386-99D3-15C2-7DCAB305A1D4}.Debug|Any CPU.ActiveCfg = Debug|Any CPU
		{8FDBEAE3-E386-99D3-15C2-7DCAB305A1D4}.Debug|Any CPU.Build.0 = Debug|Any CPU
		{8FDBEAE3-E386-99D3-15C2-7DCAB305A1D4}.Release|Any CPU.ActiveCfg = Release|Any CPU
		{8FDBEAE3-E386-99D3-15C2-7DCAB305A1D4}.Release|Any CPU.Build.0 = Release|Any CPU
		{388D3A4E-EF12-6B31-6D8F-D014CFA61F6A}.Debug|Any CPU.ActiveCfg = Debug|Any CPU
		{388D3A4E-EF12-6B31-6D8F-D014CFA61F6A}.Debug|Any CPU.Build.0 = Debug|Any CPU
		{388D3A4E-EF12-6B31-6D8F-D014CFA61F6A}.Release|Any CPU.ActiveCfg = Release|Any CPU
		{388D3A4E-EF12-6B31-6D8F-D014CFA61F6A}.Release|Any CPU.Build.0 = Release|Any CPU
		{F06CAA8D-1B37-6D98-083F-074614B819E8}.Debug|Any CPU.ActiveCfg = Debug|Any CPU
		{F06CAA8D-1B37-6D98-083F-074614B819E8}.Debug|Any CPU.Build.0 = Debug|Any CPU
		{F06CAA8D-1B37-6D98-083F-074614B819E8}.Release|Any CPU.ActiveCfg = Release|Any CPU
		{F06CAA8D-1B37-6D98-083F-074614B819E8}.Release|Any CPU.Build.0 = Release|Any CPU
		{24CDD27F-D97C-1B85-A224-3F25AC2D0FDA}.Debug|Any CPU.ActiveCfg = Debug|Any CPU
		{24CDD27F-D97C-1B85-A224-3F25AC2D0FDA}.Debug|Any CPU.Build.0 = Debug|Any CPU
		{24CDD27F-D97C-1B85-A224-3F25AC2D0FDA}.Release|Any CPU.ActiveCfg = Release|Any CPU
		{24CDD27F-D97C-1B85-A224-3F25AC2D0FDA}.Release|Any CPU.Build.0 = Release|Any CPU
		{16E058CC-986E-5F1C-DFD2-E9F1A4A41C4E}.Debug|Any CPU.ActiveCfg = Debug|Any CPU
		{16E058CC-986E-5F1C-DFD2-E9F1A4A41C4E}.Debug|Any CPU.Build.0 = Debug|Any CPU
		{16E058CC-986E-5F1C-DFD2-E9F1A4A41C4E}.Release|Any CPU.ActiveCfg = Release|Any CPU
		{16E058CC-986E-5F1C-DFD2-E9F1A4A41C4E}.Release|Any CPU.Build.0 = Release|Any CPU
		{181EB4DD-1D4B-908C-2A8F-A1947531C312}.Debug|Any CPU.ActiveCfg = Debug|Any CPU
		{181EB4DD-1D4B-908C-2A8F-A1947531C312}.Debug|Any CPU.Build.0 = Debug|Any CPU
		{181EB4DD-1D4B-908C-2A8F-A1947531C312}.Release|Any CPU.ActiveCfg = Release|Any CPU
		{181EB4DD-1D4B-908C-2A8F-A1947531C312}.Release|Any CPU.Build.0 = Release|Any CPU
		{0BE838B6-FEDB-AF1B-A732-927152E678CF}.Debug|Any CPU.ActiveCfg = Debug|Any CPU
		{0BE838B6-FEDB-AF1B-A732-927152E678CF}.Debug|Any CPU.Build.0 = Debug|Any CPU
		{0BE838B6-FEDB-AF1B-A732-927152E678CF}.Release|Any CPU.ActiveCfg = Release|Any CPU
		{0BE838B6-FEDB-AF1B-A732-927152E678CF}.Release|Any CPU.Build.0 = Release|Any CPU
		{665B1B08-962B-2215-5F2A-2FFBE3DC6ACC}.Debug|Any CPU.ActiveCfg = Debug|Any CPU
		{665B1B08-962B-2215-5F2A-2FFBE3DC6ACC}.Debug|Any CPU.Build.0 = Debug|Any CPU
		{665B1B08-962B-2215-5F2A-2FFBE3DC6ACC}.Release|Any CPU.ActiveCfg = Release|Any CPU
		{665B1B08-962B-2215-5F2A-2FFBE3DC6ACC}.Release|Any CPU.Build.0 = Release|Any CPU
		{955D1486-AACB-35AC-B050-E01106AB3C40}.Debug|Any CPU.ActiveCfg = Debug|Any CPU
		{955D1486-AACB-35AC-B050-E01106AB3C40}.Debug|Any CPU.Build.0 = Debug|Any CPU
		{955D1486-AACB-35AC-B050-E01106AB3C40}.Release|Any CPU.ActiveCfg = Release|Any CPU
		{955D1486-AACB-35AC-B050-E01106AB3C40}.Release|Any CPU.Build.0 = Release|Any CPU
		{725C9086-4B36-437B-DB91-7180126565E0}.Debug|Any CPU.ActiveCfg = Debug|Any CPU
		{725C9086-4B36-437B-DB91-7180126565E0}.Debug|Any CPU.Build.0 = Debug|Any CPU
		{725C9086-4B36-437B-DB91-7180126565E0}.Release|Any CPU.ActiveCfg = Release|Any CPU
		{725C9086-4B36-437B-DB91-7180126565E0}.Release|Any CPU.Build.0 = Release|Any CPU
		{D83EF9F2-C526-C2E8-0673-0096535D9E82}.Debug|Any CPU.ActiveCfg = Debug|Any CPU
		{D83EF9F2-C526-C2E8-0673-0096535D9E82}.Debug|Any CPU.Build.0 = Debug|Any CPU
		{D83EF9F2-C526-C2E8-0673-0096535D9E82}.Release|Any CPU.ActiveCfg = Release|Any CPU
		{D83EF9F2-C526-C2E8-0673-0096535D9E82}.Release|Any CPU.Build.0 = Release|Any CPU
		{D5894CDB-14BC-09D7-319A-B6C5542DFB30}.Debug|Any CPU.ActiveCfg = Debug|Any CPU
		{D5894CDB-14BC-09D7-319A-B6C5542DFB30}.Debug|Any CPU.Build.0 = Debug|Any CPU
		{D5894CDB-14BC-09D7-319A-B6C5542DFB30}.Release|Any CPU.ActiveCfg = Release|Any CPU
		{D5894CDB-14BC-09D7-319A-B6C5542DFB30}.Release|Any CPU.Build.0 = Release|Any CPU
		{50BC4E8B-3154-9C57-B25B-CA3C41ED1711}.Debug|Any CPU.ActiveCfg = Debug|Any CPU
		{50BC4E8B-3154-9C57-B25B-CA3C41ED1711}.Debug|Any CPU.Build.0 = Debug|Any CPU
		{50BC4E8B-3154-9C57-B25B-CA3C41ED1711}.Release|Any CPU.ActiveCfg = Release|Any CPU
		{50BC4E8B-3154-9C57-B25B-CA3C41ED1711}.Release|Any CPU.Build.0 = Release|Any CPU
		{D917B78E-26F0-587A-5612-7A4DCBDA747D}.Debug|Any CPU.ActiveCfg = Debug|Any CPU
		{D917B78E-26F0-587A-5612-7A4DCBDA747D}.Debug|Any CPU.Build.0 = Debug|Any CPU
		{D917B78E-26F0-587A-5612-7A4DCBDA747D}.Release|Any CPU.ActiveCfg = Release|Any CPU
		{D917B78E-26F0-587A-5612-7A4DCBDA747D}.Release|Any CPU.Build.0 = Release|Any CPU
	EndGlobalSection
	GlobalSection(SolutionProperties) = preSolution
		HideSolutionNode = FALSE
	EndGlobalSection
EndGlobal
